
Microsoft Visual Studio Solution File, Format Version 12.00
# Visual Studio 15
VisualStudioVersion = 15.0.28010.2048
MinimumVisualStudioVersion = 10.0.40219.1
Project("{FAE04EC0-301F-11D3-BF4B-00C04F79EFBC}") = "TABOOsearch", "ConsoleApp1\TABOOsearch.csproj", "{6C0D4B9F-A2CD-4FB0-AB79-BE88825A9690}"
EndProject
Global
	GlobalSection(SolutionConfigurationPlatforms) = preSolution
		Debug|Any CPU = Debug|Any CPU
		Release|Any CPU = Release|Any CPU
	EndGlobalSection
	GlobalSection(ProjectConfigurationPlatforms) = postSolution
		{6C0D4B9F-A2CD-4FB0-AB79-BE88825A9690}.Debug|Any CPU.ActiveCfg = Debug|Any CPU
		{6C0D4B9F-A2CD-4FB0-AB79-BE88825A9690}.Debug|Any CPU.Build.0 = Debug|Any CPU
		{6C0D4B9F-A2CD-4FB0-AB79-BE88825A9690}.Release|Any CPU.ActiveCfg = Release|Any CPU
		{6C0D4B9F-A2CD-4FB0-AB79-BE88825A9690}.Release|Any CPU.Build.0 = Release|Any CPU
	EndGlobalSection
	GlobalSection(SolutionProperties) = preSolution
		HideSolutionNode = FALSE
	EndGlobalSection
	GlobalSection(ExtensibilityGlobals) = postSolution
		SolutionGuid = {3D556564-83DD-43CB-AE40-78873541DE90}
	EndGlobalSection
EndGlobal
